
Microsoft Visual Studio Solution File, Format Version 12.00
# Visual Studio Version 17
VisualStudioVersion = 17.7.34202.233
MinimumVisualStudioVersion = 10.0.40219.1
Project("{2150E333-8FDC-42A3-9474-1A3956D46DE8}") = "Services", "Services", "{69B1C021-2C3A-43FB-A072-15A9891B8FC1}"
EndProject
Project("{2150E333-8FDC-42A3-9474-1A3956D46DE8}") = "Catalog", "Catalog", "{03E3485E-D764-48F7-B2C0-23FCF32BD87F}"
EndProject
Project("{9A19103F-16F7-4668-BE54-9A1E7A4F7556}") = "MultiShop.Catalog", "Services\Catalog\MultiShop.Catalog\MultiShop.Catalog.csproj", "{FC9F60B9-8A26-420D-A7B3-09FF1C92892A}"
EndProject
Project("{2150E333-8FDC-42A3-9474-1A3956D46DE8}") = "Discount", "Discount", "{3681832F-6D4B-4C05-9872-8C1A8A4B1AA2}"
EndProject
Project("{9A19103F-16F7-4668-BE54-9A1E7A4F7556}") = "MultiShop.Discount", "Services\Discount\MultiShop.Discount\MultiShop.Discount.csproj", "{6485A2A9-4C09-4C52-93CF-D785CBF9DC54}"
EndProject
Project("{2150E333-8FDC-42A3-9474-1A3956D46DE8}") = "Order", "Order", "{48FB4BDD-1289-4471-9EB7-D84ED4870F4D}"
EndProject
Project("{2150E333-8FDC-42A3-9474-1A3956D46DE8}") = "Core", "Core", "{BDE9C0FD-C05D-411F-A189-B23DA1FEB17F}"
EndProject
Project("{2150E333-8FDC-42A3-9474-1A3956D46DE8}") = "Infrastructure", "Infrastructure", "{6B7E36ED-EBD7-42B9-AA13-51F629CF2D48}"
EndProject
Project("{2150E333-8FDC-42A3-9474-1A3956D46DE8}") = "Presentation", "Presentation", "{B2208964-75AD-4304-8E34-F726504C7E46}"
EndProject
Project("{9A19103F-16F7-4668-BE54-9A1E7A4F7556}") = "Multishop.Order.Domain", "Services\Order\Core\Multishop.Order.Domain\Multishop.Order.Domain.csproj", "{015364AC-618C-4F1A-B430-57DC312B1DDE}"
EndProject
Project("{9A19103F-16F7-4668-BE54-9A1E7A4F7556}") = "Multishop.Order.Application", "Services\Order\Core\Multishop.Order.Application\Multishop.Order.Application.csproj", "{4B0A22DF-857E-48DD-BC75-0F4B946593EF}"
EndProject
Project("{9A19103F-16F7-4668-BE54-9A1E7A4F7556}") = "Multishop.Order.Persistence", "Services\Order\Infrastructure\Multishop.Order.Persistence\Multishop.Order.Persistence.csproj", "{2CD74D26-DA6F-4C34-A878-75B4653C563E}"
EndProject
Project("{9A19103F-16F7-4668-BE54-9A1E7A4F7556}") = "Multishop.Order.WebApi", "Services\Order\Presentation\Multishop.Order.WebApi\Multishop.Order.WebApi.csproj", "{BA99F5E2-9469-40A8-8BEE-F9E9256B5751}"
EndProject
Project("{2150E333-8FDC-42A3-9474-1A3956D46DE8}") = "IdentityServer", "IdentityServer", "{E0763572-C334-48AC-8816-30E833330CD7}"
EndProject
Project("{9A19103F-16F7-4668-BE54-9A1E7A4F7556}") = "MultiShop.IdentityServer", "IdentityServer\MultiShop.IdentityServer\MultiShop.IdentityServer.csproj", "{3C92851A-1CE0-4C2E-BA80-FE5F1E977618}"
EndProject
Project("{2150E333-8FDC-42A3-9474-1A3956D46DE8}") = "Cargo", "Cargo", "{D4C7489E-11FA-4569-9740-7EF33119E410}"
EndProject
Project("{9A19103F-16F7-4668-BE54-9A1E7A4F7556}") = "MultiShop.Cargo.Business", "Services\Cargo\MultiShop.Cargo.Business\MultiShop.Cargo.Business.csproj", "{5DF154FD-DDAA-43F9-9B83-A0B4E4F5B059}"
EndProject
Project("{9A19103F-16F7-4668-BE54-9A1E7A4F7556}") = "MultiShop.Cargo.EntityLayer", "Services\Cargo\MultiShop.Cargo.EntityLayer\MultiShop.Cargo.EntityLayer.csproj", "{7D0B07CB-16E8-4E57-8E5A-932D16D4F442}"
EndProject
Project("{9A19103F-16F7-4668-BE54-9A1E7A4F7556}") = "MultiShop.Cargo.DataAccessLayer", "Services\Cargo\MultiShop.Cargo.DataAccessLayer\MultiShop.Cargo.DataAccessLayer.csproj", "{05483A7C-3E86-410B-BA11-92EB7583D385}"
EndProject
Project("{9A19103F-16F7-4668-BE54-9A1E7A4F7556}") = "MultiShop.Cargo.WebApi", "Services\Cargo\MultiShop.Cargo.WebApi\MultiShop.Cargo.WebApi.csproj", "{8D1403B1-FB62-4413-82FA-FCE8A72D224F}"
EndProject
Project("{9A19103F-16F7-4668-BE54-9A1E7A4F7556}") = "MultiShop.Cargo.DtoLayer", "Services\Cargo\MultiShop.Cargo.DtoLayer\MultiShop.Cargo.DtoLayer.csproj", "{2478597C-46B7-402B-88DA-D0EA3828FB4E}"
EndProject
Project("{2150E333-8FDC-42A3-9474-1A3956D46DE8}") = "Basket", "Basket", "{03BE09FF-D0DB-4C9D-9877-43F41847D198}"
EndProject
Project("{FAE04EC0-301F-11D3-BF4B-00C04F79EFBC}") = "MultiShop.Basket", "Services\Basket\MultiShop.Basket\MultiShop.Basket.csproj", "{DBE76F6D-B6D0-482F-B0A7-BA01F4A84D26}"
EndProject
Project("{2150E333-8FDC-42A3-9474-1A3956D46DE8}") = "Frontends", "Frontends", "{A3B7530B-E3D1-46BA-9617-181F495B3BAD}"
EndProject
Project("{FAE04EC0-301F-11D3-BF4B-00C04F79EFBC}") = "MultiShop.WebUI", "Frontends\MultiShop.WebUI\MultiShop.WebUI.csproj", "{75DE7BD0-EA5F-44B0-8207-3C5CCA254504}"
EndProject
Global
	GlobalSection(SolutionConfigurationPlatforms) = preSolution
		Debug|Any CPU = Debug|Any CPU
		Release|Any CPU = Release|Any CPU
	EndGlobalSection
	GlobalSection(ProjectConfigurationPlatforms) = postSolution
		{FC9F60B9-8A26-420D-A7B3-09FF1C92892A}.Debug|Any CPU.ActiveCfg = Debug|Any CPU
		{FC9F60B9-8A26-420D-A7B3-09FF1C92892A}.Debug|Any CPU.Build.0 = Debug|Any CPU
		{FC9F60B9-8A26-420D-A7B3-09FF1C92892A}.Release|Any CPU.ActiveCfg = Release|Any CPU
		{FC9F60B9-8A26-420D-A7B3-09FF1C92892A}.Release|Any CPU.Build.0 = Release|Any CPU
		{6485A2A9-4C09-4C52-93CF-D785CBF9DC54}.Debug|Any CPU.ActiveCfg = Debug|Any CPU
		{6485A2A9-4C09-4C52-93CF-D785CBF9DC54}.Debug|Any CPU.Build.0 = Debug|Any CPU
		{6485A2A9-4C09-4C52-93CF-D785CBF9DC54}.Release|Any CPU.ActiveCfg = Release|Any CPU
		{6485A2A9-4C09-4C52-93CF-D785CBF9DC54}.Release|Any CPU.Build.0 = Release|Any CPU
		{015364AC-618C-4F1A-B430-57DC312B1DDE}.Debug|Any CPU.ActiveCfg = Debug|Any CPU
		{015364AC-618C-4F1A-B430-57DC312B1DDE}.Debug|Any CPU.Build.0 = Debug|Any CPU
		{015364AC-618C-4F1A-B430-57DC312B1DDE}.Release|Any CPU.ActiveCfg = Release|Any CPU
		{015364AC-618C-4F1A-B430-57DC312B1DDE}.Release|Any CPU.Build.0 = Release|Any CPU
		{4B0A22DF-857E-48DD-BC75-0F4B946593EF}.Debug|Any CPU.ActiveCfg = Debug|Any CPU
		{4B0A22DF-857E-48DD-BC75-0F4B946593EF}.Debug|Any CPU.Build.0 = Debug|Any CPU
		{4B0A22DF-857E-48DD-BC75-0F4B946593EF}.Release|Any CPU.ActiveCfg = Release|Any CPU
		{4B0A22DF-857E-48DD-BC75-0F4B946593EF}.Release|Any CPU.Build.0 = Release|Any CPU
		{2CD74D26-DA6F-4C34-A878-75B4653C563E}.Debug|Any CPU.ActiveCfg = Debug|Any CPU
		{2CD74D26-DA6F-4C34-A878-75B4653C563E}.Debug|Any CPU.Build.0 = Debug|Any CPU
		{2CD74D26-DA6F-4C34-A878-75B4653C563E}.Release|Any CPU.ActiveCfg = Release|Any CPU
		{2CD74D26-DA6F-4C34-A878-75B4653C563E}.Release|Any CPU.Build.0 = Release|Any CPU
		{BA99F5E2-9469-40A8-8BEE-F9E9256B5751}.Debug|Any CPU.ActiveCfg = Debug|Any CPU
		{BA99F5E2-9469-40A8-8BEE-F9E9256B5751}.Debug|Any CPU.Build.0 = Debug|Any CPU
		{BA99F5E2-9469-40A8-8BEE-F9E9256B5751}.Release|Any CPU.ActiveCfg = Release|Any CPU
		{BA99F5E2-9469-40A8-8BEE-F9E9256B5751}.Release|Any CPU.Build.0 = Release|Any CPU
		{3C92851A-1CE0-4C2E-BA80-FE5F1E977618}.Debug|Any CPU.ActiveCfg = Debug|Any CPU
		{3C92851A-1CE0-4C2E-BA80-FE5F1E977618}.Debug|Any CPU.Build.0 = Debug|Any CPU
		{3C92851A-1CE0-4C2E-BA80-FE5F1E977618}.Release|Any CPU.ActiveCfg = Release|Any CPU
		{3C92851A-1CE0-4C2E-BA80-FE5F1E977618}.Release|Any CPU.Build.0 = Release|Any CPU
		{5DF154FD-DDAA-43F9-9B83-A0B4E4F5B059}.Debug|Any CPU.ActiveCfg = Debug|Any CPU
		{5DF154FD-DDAA-43F9-9B83-A0B4E4F5B059}.Debug|Any CPU.Build.0 = Debug|Any CPU
		{5DF154FD-DDAA-43F9-9B83-A0B4E4F5B059}.Release|Any CPU.ActiveCfg = Release|Any CPU
		{5DF154FD-DDAA-43F9-9B83-A0B4E4F5B059}.Release|Any CPU.Build.0 = Release|Any CPU
		{7D0B07CB-16E8-4E57-8E5A-932D16D4F442}.Debug|Any CPU.ActiveCfg = Debug|Any CPU
		{7D0B07CB-16E8-4E57-8E5A-932D16D4F442}.Debug|Any CPU.Build.0 = Debug|Any CPU
		{7D0B07CB-16E8-4E57-8E5A-932D16D4F442}.Release|Any CPU.ActiveCfg = Release|Any CPU
		{7D0B07CB-16E8-4E57-8E5A-932D16D4F442}.Release|Any CPU.Build.0 = Release|Any CPU
		{05483A7C-3E86-410B-BA11-92EB7583D385}.Debug|Any CPU.ActiveCfg = Debug|Any CPU
		{05483A7C-3E86-410B-BA11-92EB7583D385}.Debug|Any CPU.Build.0 = Debug|Any CPU
		{05483A7C-3E86-410B-BA11-92EB7583D385}.Release|Any CPU.ActiveCfg = Release|Any CPU
		{05483A7C-3E86-410B-BA11-92EB7583D385}.Release|Any CPU.Build.0 = Release|Any CPU
		{8D1403B1-FB62-4413-82FA-FCE8A72D224F}.Debug|Any CPU.ActiveCfg = Debug|Any CPU
		{8D1403B1-FB62-4413-82FA-FCE8A72D224F}.Debug|Any CPU.Build.0 = Debug|Any CPU
		{8D1403B1-FB62-4413-82FA-FCE8A72D224F}.Release|Any CPU.ActiveCfg = Release|Any CPU
		{8D1403B1-FB62-4413-82FA-FCE8A72D224F}.Release|Any CPU.Build.0 = Release|Any CPU
		{2478597C-46B7-402B-88DA-D0EA3828FB4E}.Debug|Any CPU.ActiveCfg = Debug|Any CPU
		{2478597C-46B7-402B-88DA-D0EA3828FB4E}.Debug|Any CPU.Build.0 = Debug|Any CPU
		{2478597C-46B7-402B-88DA-D0EA3828FB4E}.Release|Any CPU.ActiveCfg = Release|Any CPU
		{2478597C-46B7-402B-88DA-D0EA3828FB4E}.Release|Any CPU.Build.0 = Release|Any CPU
		{DBE76F6D-B6D0-482F-B0A7-BA01F4A84D26}.Debug|Any CPU.ActiveCfg = Debug|Any CPU
		{DBE76F6D-B6D0-482F-B0A7-BA01F4A84D26}.Debug|Any CPU.Build.0 = Debug|Any CPU
		{DBE76F6D-B6D0-482F-B0A7-BA01F4A84D26}.Release|Any CPU.ActiveCfg = Release|Any CPU
		{DBE76F6D-B6D0-482F-B0A7-BA01F4A84D26}.Release|Any CPU.Build.0 = Release|Any CPU
		{75DE7BD0-EA5F-44B0-8207-3C5CCA254504}.Debug|Any CPU.ActiveCfg = Debug|Any CPU
		{75DE7BD0-EA5F-44B0-8207-3C5CCA254504}.Debug|Any CPU.Build.0 = Debug|Any CPU
		{75DE7BD0-EA5F-44B0-8207-3C5CCA254504}.Release|Any CPU.ActiveCfg = Release|Any CPU
		{75DE7BD0-EA5F-44B0-8207-3C5CCA254504}.Release|Any CPU.Build.0 = Release|Any CPU
	EndGlobalSection
	GlobalSection(SolutionProperties) = preSolution
		HideSolutionNode = FALSE
	EndGlobalSection
	GlobalSection(NestedProjects) = preSolution
		{03E3485E-D764-48F7-B2C0-23FCF32BD87F} = {69B1C021-2C3A-43FB-A072-15A9891B8FC1}
		{FC9F60B9-8A26-420D-A7B3-09FF1C92892A} = {03E3485E-D764-48F7-B2C0-23FCF32BD87F}
		{3681832F-6D4B-4C05-9872-8C1A8A4B1AA2} = {69B1C021-2C3A-43FB-A072-15A9891B8FC1}
		{6485A2A9-4C09-4C52-93CF-D785CBF9DC54} = {3681832F-6D4B-4C05-9872-8C1A8A4B1AA2}
		{48FB4BDD-1289-4471-9EB7-D84ED4870F4D} = {69B1C021-2C3A-43FB-A072-15A9891B8FC1}
		{BDE9C0FD-C05D-411F-A189-B23DA1FEB17F} = {48FB4BDD-1289-4471-9EB7-D84ED4870F4D}
		{6B7E36ED-EBD7-42B9-AA13-51F629CF2D48} = {48FB4BDD-1289-4471-9EB7-D84ED4870F4D}
		{B2208964-75AD-4304-8E34-F726504C7E46} = {48FB4BDD-1289-4471-9EB7-D84ED4870F4D}
		{015364AC-618C-4F1A-B430-57DC312B1DDE} = {BDE9C0FD-C05D-411F-A189-B23DA1FEB17F}
		{4B0A22DF-857E-48DD-BC75-0F4B946593EF} = {BDE9C0FD-C05D-411F-A189-B23DA1FEB17F}
		{2CD74D26-DA6F-4C34-A878-75B4653C563E} = {6B7E36ED-EBD7-42B9-AA13-51F629CF2D48}
		{BA99F5E2-9469-40A8-8BEE-F9E9256B5751} = {B2208964-75AD-4304-8E34-F726504C7E46}
		{3C92851A-1CE0-4C2E-BA80-FE5F1E977618} = {E0763572-C334-48AC-8816-30E833330CD7}
		{D4C7489E-11FA-4569-9740-7EF33119E410} = {69B1C021-2C3A-43FB-A072-15A9891B8FC1}
		{5DF154FD-DDAA-43F9-9B83-A0B4E4F5B059} = {D4C7489E-11FA-4569-9740-7EF33119E410}
		{7D0B07CB-16E8-4E57-8E5A-932D16D4F442} = {D4C7489E-11FA-4569-9740-7EF33119E410}
		{05483A7C-3E86-410B-BA11-92EB7583D385} = {D4C7489E-11FA-4569-9740-7EF33119E410}
		{8D1403B1-FB62-4413-82FA-FCE8A72D224F} = {D4C7489E-11FA-4569-9740-7EF33119E410}
		{2478597C-46B7-402B-88DA-D0EA3828FB4E} = {D4C7489E-11FA-4569-9740-7EF33119E410}
		{03BE09FF-D0DB-4C9D-9877-43F41847D198} = {69B1C021-2C3A-43FB-A072-15A9891B8FC1}
		{DBE76F6D-B6D0-482F-B0A7-BA01F4A84D26} = {03BE09FF-D0DB-4C9D-9877-43F41847D198}
		{75DE7BD0-EA5F-44B0-8207-3C5CCA254504} = {A3B7530B-E3D1-46BA-9617-181F495B3BAD}
	EndGlobalSection
	GlobalSection(ExtensibilityGlobals) = postSolution
		SolutionGuid = {321553F7-04C4-4AFD-8DE0-308AC29A51E3}
	EndGlobalSection
EndGlobal
