
Microsoft Visual Studio Solution File, Format Version 12.00
# Visual Studio Version 17
VisualStudioVersion = 17.7.34202.233
MinimumVisualStudioVersion = 10.0.40219.1
Project("{2150E333-8FDC-42A3-9474-1A3956D46DE8}") = "Services", "Services", "{69B1C021-2C3A-43FB-A072-15A9891B8FC1}"
EndProject
Project("{2150E333-8FDC-42A3-9474-1A3956D46DE8}") = "Catalog", "Catalog", "{03E3485E-D764-48F7-B2C0-23FCF32BD87F}"
EndProject
Project("{9A19103F-16F7-4668-BE54-9A1E7A4F7556}") = "MultiShop.Catalog", "Services\Catalog\MultiShop.Catalog\MultiShop.Catalog.csproj", "{FC9F60B9-8A26-420D-A7B3-09FF1C92892A}"
EndProject
Project("{2150E333-8FDC-42A3-9474-1A3956D46DE8}") = "Discount", "Discount", "{3681832F-6D4B-4C05-9872-8C1A8A4B1AA2}"
EndProject
Project("{9A19103F-16F7-4668-BE54-9A1E7A4F7556}") = "MultiShop.Discount", "Services\Discount\MultiShop.Discount\MultiShop.Discount.csproj", "{6485A2A9-4C09-4C52-93CF-D785CBF9DC54}"
EndProject
Project("{2150E333-8FDC-42A3-9474-1A3956D46DE8}") = "Order", "Order", "{48FB4BDD-1289-4471-9EB7-D84ED4870F4D}"
EndProject
Project("{2150E333-8FDC-42A3-9474-1A3956D46DE8}") = "Core", "Core", "{BDE9C0FD-C05D-411F-A189-B23DA1FEB17F}"
EndProject
Project("{2150E333-8FDC-42A3-9474-1A3956D46DE8}") = "Infrastructure", "Infrastructure", "{6B7E36ED-EBD7-42B9-AA13-51F629CF2D48}"
EndProject
Project("{2150E333-8FDC-42A3-9474-1A3956D46DE8}") = "Presentation", "Presentation", "{B2208964-75AD-4304-8E34-F726504C7E46}"
EndProject
Project("{FAE04EC0-301F-11D3-BF4B-00C04F79EFBC}") = "Multishop.Order.Domain", "Services\Order\Core\Multishop.Order.Domain\Multishop.Order.Domain.csproj", "{015364AC-618C-4F1A-B430-57DC312B1DDE}"
EndProject
Project("{FAE04EC0-301F-11D3-BF4B-00C04F79EFBC}") = "Multishop.Order.Application", "Services\Order\Core\Multishop.Order.Application\Multishop.Order.Application.csproj", "{4B0A22DF-857E-48DD-BC75-0F4B946593EF}"
EndProject
Project("{FAE04EC0-301F-11D3-BF4B-00C04F79EFBC}") = "Multishop.Order.Persistence", "Services\Order\Infrastructure\Multishop.Order.Persistence\Multishop.Order.Persistence.csproj", "{2CD74D26-DA6F-4C34-A878-75B4653C563E}"
EndProject
Project("{FAE04EC0-301F-11D3-BF4B-00C04F79EFBC}") = "Multishop.Order.WebApi", "Services\Order\Presentation\Multishop.Order.WebApi\Multishop.Order.WebApi.csproj", "{BA99F5E2-9469-40A8-8BEE-F9E9256B5751}"
EndProject
Global
	GlobalSection(SolutionConfigurationPlatforms) = preSolution
		Debug|Any CPU = Debug|Any CPU
		Release|Any CPU = Release|Any CPU
	EndGlobalSection
	GlobalSection(ProjectConfigurationPlatforms) = postSolution
		{FC9F60B9-8A26-420D-A7B3-09FF1C92892A}.Debug|Any CPU.ActiveCfg = Debug|Any CPU
		{FC9F60B9-8A26-420D-A7B3-09FF1C92892A}.Debug|Any CPU.Build.0 = Debug|Any CPU
		{FC9F60B9-8A26-420D-A7B3-09FF1C92892A}.Release|Any CPU.ActiveCfg = Release|Any CPU
		{FC9F60B9-8A26-420D-A7B3-09FF1C92892A}.Release|Any CPU.Build.0 = Release|Any CPU
		{6485A2A9-4C09-4C52-93CF-D785CBF9DC54}.Debug|Any CPU.ActiveCfg = Debug|Any CPU
		{6485A2A9-4C09-4C52-93CF-D785CBF9DC54}.Debug|Any CPU.Build.0 = Debug|Any CPU
		{6485A2A9-4C09-4C52-93CF-D785CBF9DC54}.Release|Any CPU.ActiveCfg = Release|Any CPU
		{6485A2A9-4C09-4C52-93CF-D785CBF9DC54}.Release|Any CPU.Build.0 = Release|Any CPU
		{015364AC-618C-4F1A-B430-57DC312B1DDE}.Debug|Any CPU.ActiveCfg = Debug|Any CPU
		{015364AC-618C-4F1A-B430-57DC312B1DDE}.Debug|Any CPU.Build.0 = Debug|Any CPU
		{015364AC-618C-4F1A-B430-57DC312B1DDE}.Release|Any CPU.ActiveCfg = Release|Any CPU
		{015364AC-618C-4F1A-B430-57DC312B1DDE}.Release|Any CPU.Build.0 = Release|Any CPU
		{4B0A22DF-857E-48DD-BC75-0F4B946593EF}.Debug|Any CPU.ActiveCfg = Debug|Any CPU
		{4B0A22DF-857E-48DD-BC75-0F4B946593EF}.Debug|Any CPU.Build.0 = Debug|Any CPU
		{4B0A22DF-857E-48DD-BC75-0F4B946593EF}.Release|Any CPU.ActiveCfg = Release|Any CPU
		{4B0A22DF-857E-48DD-BC75-0F4B946593EF}.Release|Any CPU.Build.0 = Release|Any CPU
		{2CD74D26-DA6F-4C34-A878-75B4653C563E}.Debug|Any CPU.ActiveCfg = Debug|Any CPU
		{2CD74D26-DA6F-4C34-A878-75B4653C563E}.Debug|Any CPU.Build.0 = Debug|Any CPU
		{2CD74D26-DA6F-4C34-A878-75B4653C563E}.Release|Any CPU.ActiveCfg = Release|Any CPU
		{2CD74D26-DA6F-4C34-A878-75B4653C563E}.Release|Any CPU.Build.0 = Release|Any CPU
		{BA99F5E2-9469-40A8-8BEE-F9E9256B5751}.Debug|Any CPU.ActiveCfg = Debug|Any CPU
		{BA99F5E2-9469-40A8-8BEE-F9E9256B5751}.Debug|Any CPU.Build.0 = Debug|Any CPU
		{BA99F5E2-9469-40A8-8BEE-F9E9256B5751}.Release|Any CPU.ActiveCfg = Release|Any CPU
		{BA99F5E2-9469-40A8-8BEE-F9E9256B5751}.Release|Any CPU.Build.0 = Release|Any CPU
	EndGlobalSection
	GlobalSection(SolutionProperties) = preSolution
		HideSolutionNode = FALSE
	EndGlobalSection
	GlobalSection(NestedProjects) = preSolution
		{03E3485E-D764-48F7-B2C0-23FCF32BD87F} = {69B1C021-2C3A-43FB-A072-15A9891B8FC1}
		{FC9F60B9-8A26-420D-A7B3-09FF1C92892A} = {03E3485E-D764-48F7-B2C0-23FCF32BD87F}
		{3681832F-6D4B-4C05-9872-8C1A8A4B1AA2} = {69B1C021-2C3A-43FB-A072-15A9891B8FC1}
		{6485A2A9-4C09-4C52-93CF-D785CBF9DC54} = {3681832F-6D4B-4C05-9872-8C1A8A4B1AA2}
		{48FB4BDD-1289-4471-9EB7-D84ED4870F4D} = {69B1C021-2C3A-43FB-A072-15A9891B8FC1}
		{BDE9C0FD-C05D-411F-A189-B23DA1FEB17F} = {48FB4BDD-1289-4471-9EB7-D84ED4870F4D}
		{6B7E36ED-EBD7-42B9-AA13-51F629CF2D48} = {48FB4BDD-1289-4471-9EB7-D84ED4870F4D}
		{B2208964-75AD-4304-8E34-F726504C7E46} = {48FB4BDD-1289-4471-9EB7-D84ED4870F4D}
		{015364AC-618C-4F1A-B430-57DC312B1DDE} = {BDE9C0FD-C05D-411F-A189-B23DA1FEB17F}
		{4B0A22DF-857E-48DD-BC75-0F4B946593EF} = {BDE9C0FD-C05D-411F-A189-B23DA1FEB17F}
		{2CD74D26-DA6F-4C34-A878-75B4653C563E} = {6B7E36ED-EBD7-42B9-AA13-51F629CF2D48}
		{BA99F5E2-9469-40A8-8BEE-F9E9256B5751} = {B2208964-75AD-4304-8E34-F726504C7E46}
	EndGlobalSection
	GlobalSection(ExtensibilityGlobals) = postSolution
		SolutionGuid = {321553F7-04C4-4AFD-8DE0-308AC29A51E3}
	EndGlobalSection
EndGlobal
